schema: '2.0'
stages:
  data_ingestion:
    cmd: python src/data_ingestion.py
    deps:
    - path: ../data/green_tripdata_2021-01.parquet
      hash: md5
      md5: 58f7622b863151fc9f4d51eff826db50
      size: 1333519
    - path: ../data/green_tripdata_2021-02.parquet
      hash: md5
      md5: 37305f2db8bd9ae2553212bba9e2b0b5
      size: 1145679
    - path: params.yaml
      hash: md5
      md5: 6138d755d39c94b2c2bcb38cd804e4d0
      size: 864
    - path: src/data_ingestion.py
      hash: md5
      md5: b60e287e3696262a9089ffe8e1504532
      size: 3022
    params:
      params.yaml:
        data:
          raw_files:
          - ../data/green_tripdata_2021-01.parquet
          - ../data/green_tripdata_2021-02.parquet
          engine: pyarrow
          interim_output: data/interim/combined.parquet
    outs:
    - path: data/interim
      hash: md5
      md5: 0a1aabf1d43f9e530a41184ac756cd84.dir
      size: 238765
      nfiles: 1
  feature_engineering:
    cmd: python src/feature_engineering.py
    deps:
    - path: data/interim
      hash: md5
      md5: 0a1aabf1d43f9e530a41184ac756cd84.dir
      size: 238765
      nfiles: 1
    - path: params.yaml
      hash: md5
      md5: 6138d755d39c94b2c2bcb38cd804e4d0
      size: 864
    - path: src/feature_engineering.py
      hash: md5
      md5: 37ec89f5317e6dbc33baa1027fc222cd
      size: 1985
    params:
      params.yaml:
        data:
          raw_files:
          - ../data/green_tripdata_2021-01.parquet
          - ../data/green_tripdata_2021-02.parquet
          engine: pyarrow
          interim_output: data/interim/combined.parquet
        split:
          random_state: 113
          train_ratio: 0.7
          val_ratio: 0.15
          test_ratio: 0.15
          processed_dir: data/processed
          train_file: train.parquet
          val_file: val.parquet
          test_file: test.parquet
    outs:
    - path: data/processed
      hash: md5
      md5: 9be9c43b2c86194cd5f9b9e61094d594.dir
      size: 311235
      nfiles: 3
  model_building:
    cmd: python src/train.py
    deps:
    - path: data/processed
      hash: md5
      md5: 9be9c43b2c86194cd5f9b9e61094d594.dir
      size: 311235
      nfiles: 3
    - path: params.yaml
      hash: md5
      md5: 6138d755d39c94b2c2bcb38cd804e4d0
      size: 864
    - path: src/train.py
      hash: md5
      md5: e69ff45409fe7a1694bf3aaf429cf3c6
      size: 1733
    params:
      params.yaml:
        data:
          raw_files:
          - ../data/green_tripdata_2021-01.parquet
          - ../data/green_tripdata_2021-02.parquet
          engine: pyarrow
          interim_output: data/interim/combined.parquet
        features:
          feature_columns:
          - passenger_count
          - trip_distance
          - pickup_hour
          - pickup_day_of_week
          - fare_amount
          target_column: tip_applied
        model:
          n_estimators: 1000
          max_depth: 2
          random_state: 42
          model_output: models/model.pkl
        split:
          random_state: 113
          train_ratio: 0.7
          val_ratio: 0.15
          test_ratio: 0.15
          processed_dir: data/processed
          train_file: train.parquet
          val_file: val.parquet
          test_file: test.parquet
    outs:
    - path: models
      hash: md5
      md5: d69b9cfe1617f7b6f416d96dd6bbfa37.dir
      size: 1727198
      nfiles: 2
  evaluation:
    cmd: python src/evaluate.py
    deps:
    - path: data/processed
      hash: md5
      md5: 9be9c43b2c86194cd5f9b9e61094d594.dir
      size: 311235
      nfiles: 3
    - path: models
      hash: md5
      md5: d69b9cfe1617f7b6f416d96dd6bbfa37.dir
      size: 1727198
      nfiles: 2
    - path: params.yaml
      hash: md5
      md5: 6138d755d39c94b2c2bcb38cd804e4d0
      size: 864
    - path: src/evaluate.py
      hash: md5
      md5: c9ec52296ada6cd45cc0df4638309137
      size: 2481
    params:
      params.yaml:
        data:
          raw_files:
          - ../data/green_tripdata_2021-01.parquet
          - ../data/green_tripdata_2021-02.parquet
          engine: pyarrow
          interim_output: data/interim/combined.parquet
        evaluate:
          metrics_output: reports/metrics.json
        features:
          feature_columns:
          - passenger_count
          - trip_distance
          - pickup_hour
          - pickup_day_of_week
          - fare_amount
          target_column: tip_applied
        model:
          n_estimators: 1000
          max_depth: 2
          random_state: 42
          model_output: models/model.pkl
        split:
          random_state: 113
          train_ratio: 0.7
          val_ratio: 0.15
          test_ratio: 0.15
          processed_dir: data/processed
          train_file: train.parquet
          val_file: val.parquet
          test_file: test.parquet
    outs:
    - path: reports/metrics.json
      hash: md5
      md5: 20d00c02bb74d72232d7439cf30814ea
      size: 443
